<Solution>
  <Project Path="Gateway/Gateway.csproj" Id="6b6fb131-625e-4b56-bda9-d502d8e604ac" />
  <Project Path="RedisBackgroundService/RedisBackgroundService.csproj" Id="e1143bb7-7c56-4393-a642-99758064c5d5" />
  <Project Path="StudentTaskTracker/UserService.csproj" />
  <Project Path="TaskService/TaskService.csproj" Id="cf09bf46-6ec6-4f36-b21f-a3097195d6e7" />
  <Project Path="WorkerService1/UserDeletionBGService.csproj" Id="1adf2a7c-8d17-4b6a-9147-d02eda841f7e" />
</Solution>
